
Microsoft Visual Studio Solution File, Format Version 12.00
# Visual Studio Version 17
VisualStudioVersion = 17.9.34701.34
MinimumVisualStudioVersion = 10.0.40219.1
Project("{FAE04EC0-301F-11D3-BF4B-00C04F79EFBC}") = "TPCAI", "TPCAI\TPCAI.csproj", "{718E0B12-426F-4445-B566-D596FA9F0F67}"
EndProject
Global
	GlobalSection(SolutionConfigurationPlatforms) = preSolution
		Debug|Any CPU = Debug|Any CPU
		Release|Any CPU = Release|Any CPU
	EndGlobalSection
	GlobalSection(ProjectConfigurationPlatforms) = postSolution
		{718E0B12-426F-4445-B566-D596FA9F0F67}.Debug|Any CPU.ActiveCfg = Debug|Any CPU
		{718E0B12-426F-4445-B566-D596FA9F0F67}.Debug|Any CPU.Build.0 = Debug|Any CPU
		{718E0B12-426F-4445-B566-D596FA9F0F67}.Release|Any CPU.ActiveCfg = Release|Any CPU
		{718E0B12-426F-4445-B566-D596FA9F0F67}.Release|Any CPU.Build.0 = Release|Any CPU
	EndGlobalSection
	GlobalSection(SolutionProperties) = preSolution
		HideSolutionNode = FALSE
	EndGlobalSection
	GlobalSection(ExtensibilityGlobals) = postSolution
		SolutionGuid = {1A046ADE-7C8A-419F-9EF5-6E60F2411F91}
	EndGlobalSection
EndGlobal
