
Microsoft Visual Studio Solution File, Format Version 12.00
# Visual Studio Version 17
VisualStudioVersion = 17.9.34701.34
MinimumVisualStudioVersion = 10.0.40219.1
Project("{FAE04EC0-301F-11D3-BF4B-00C04F79EFBC}") = "Presentacion", "TPCAI\Presentacion.csproj", "{718E0B12-426F-4445-B566-D596FA9F0F67}"
	ProjectSection(ProjectDependencies) = postProject
		{10ECFFA4-7F3E-40AB-B1DD-317F548CCC09} = {10ECFFA4-7F3E-40AB-B1DD-317F548CCC09}
	EndProjectSection
EndProject
Project("{FAE04EC0-301F-11D3-BF4B-00C04F79EFBC}") = "Datos", "Datos\Datos.csproj", "{6D10D32C-ABB6-4865-A87D-DBE5C8A2E34E}"
EndProject
Project("{FAE04EC0-301F-11D3-BF4B-00C04F79EFBC}") = "Negocio", "Negocio\Negocio.csproj", "{0227FFA1-72C3-4CEC-96A8-A9056FB1795A}"
	ProjectSection(ProjectDependencies) = postProject
		{10ECFFA4-7F3E-40AB-B1DD-317F548CCC09} = {10ECFFA4-7F3E-40AB-B1DD-317F548CCC09}
	EndProjectSection
EndProject
Project("{FAE04EC0-301F-11D3-BF4B-00C04F79EFBC}") = "Persistencia", "Persistencia\Persistencia.csproj", "{10ECFFA4-7F3E-40AB-B1DD-317F548CCC09}"
EndProject
Global
	GlobalSection(SolutionConfigurationPlatforms) = preSolution
		Debug|Any CPU = Debug|Any CPU
		Release|Any CPU = Release|Any CPU
	EndGlobalSection
	GlobalSection(ProjectConfigurationPlatforms) = postSolution
		{718E0B12-426F-4445-B566-D596FA9F0F67}.Debug|Any CPU.ActiveCfg = Debug|Any CPU
		{718E0B12-426F-4445-B566-D596FA9F0F67}.Debug|Any CPU.Build.0 = Debug|Any CPU
		{718E0B12-426F-4445-B566-D596FA9F0F67}.Release|Any CPU.ActiveCfg = Release|Any CPU
		{718E0B12-426F-4445-B566-D596FA9F0F67}.Release|Any CPU.Build.0 = Release|Any CPU
		{6D10D32C-ABB6-4865-A87D-DBE5C8A2E34E}.Debug|Any CPU.ActiveCfg = Debug|Any CPU
		{6D10D32C-ABB6-4865-A87D-DBE5C8A2E34E}.Debug|Any CPU.Build.0 = Debug|Any CPU
		{6D10D32C-ABB6-4865-A87D-DBE5C8A2E34E}.Release|Any CPU.ActiveCfg = Release|Any CPU
		{6D10D32C-ABB6-4865-A87D-DBE5C8A2E34E}.Release|Any CPU.Build.0 = Release|Any CPU
		{0227FFA1-72C3-4CEC-96A8-A9056FB1795A}.Debug|Any CPU.ActiveCfg = Debug|Any CPU
		{0227FFA1-72C3-4CEC-96A8-A9056FB1795A}.Debug|Any CPU.Build.0 = Debug|Any CPU
		{0227FFA1-72C3-4CEC-96A8-A9056FB1795A}.Release|Any CPU.ActiveCfg = Release|Any CPU
		{0227FFA1-72C3-4CEC-96A8-A9056FB1795A}.Release|Any CPU.Build.0 = Release|Any CPU
		{10ECFFA4-7F3E-40AB-B1DD-317F548CCC09}.Debug|Any CPU.ActiveCfg = Debug|Any CPU
		{10ECFFA4-7F3E-40AB-B1DD-317F548CCC09}.Debug|Any CPU.Build.0 = Debug|Any CPU
		{10ECFFA4-7F3E-40AB-B1DD-317F548CCC09}.Release|Any CPU.ActiveCfg = Release|Any CPU
		{10ECFFA4-7F3E-40AB-B1DD-317F548CCC09}.Release|Any CPU.Build.0 = Release|Any CPU
	EndGlobalSection
	GlobalSection(SolutionProperties) = preSolution
		HideSolutionNode = FALSE
	EndGlobalSection
	GlobalSection(ExtensibilityGlobals) = postSolution
		SolutionGuid = {1A046ADE-7C8A-419F-9EF5-6E60F2411F91}
	EndGlobalSection
EndGlobal
